Microsoft Visual Studio Solution File, Format Version 12.00
# Visual Studio Version 17
VisualStudioVersion = 17.5.2.0
MinimumVisualStudioVersion = 10.0.40219.1
Project("{FAE04EC0-301F-11D3-BF4B-00C04F79EFBC}") = "AssignmentDay1", "AssignmentDay1.csproj", "{2AC91502-E7A0-59A7-FF93-C0E77897E255}"
EndProject
Project("{FAE04EC0-301F-11D3-BF4B-00C04F79EFBC}") = "AssignmentDay1.Tests", "AssignmentDay1.Tests\AssignmentDay1.Tests.csproj", "{42017A6B-D0DE-42FD-A220-2DE7C0B8B09C}"
EndProject
Global
	GlobalSection(SolutionConfigurationPlatforms) = preSolution
		Debug|Any CPU = Debug|Any CPU
		Release|Any CPU = Release|Any CPU
	EndGlobalSection
	GlobalSection(ProjectConfigurationPlatforms) = postSolution
		{2AC91502-E7A0-59A7-FF93-C0E77897E255}.Debug|Any CPU.ActiveCfg = Debug|Any CPU
		{2AC91502-E7A0-59A7-FF93-C0E77897E255}.Debug|Any CPU.Build.0 = Debug|Any CPU
		{2AC91502-E7A0-59A7-FF93-C0E77897E255}.Release|Any CPU.ActiveCfg = Release|Any CPU
		{2AC91502-E7A0-59A7-FF93-C0E77897E255}.Release|Any CPU.Build.0 = Release|Any CPU
		{42017A6B-D0DE-42FD-A220-2DE7C0B8B09C}.Debug|Any CPU.ActiveCfg = Debug|Any CPU
		{42017A6B-D0DE-42FD-A220-2DE7C0B8B09C}.Debug|Any CPU.Build.0 = Debug|Any CPU
		{42017A6B-D0DE-42FD-A220-2DE7C0B8B09C}.Release|Any CPU.ActiveCfg = Release|Any CPU
		{42017A6B-D0DE-42FD-A220-2DE7C0B8B09C}.Release|Any CPU.Build.0 = Release|Any CPU
	EndGlobalSection
	GlobalSection(SolutionProperties) = preSolution
		HideSolutionNode = FALSE
	EndGlobalSection
	GlobalSection(ExtensibilityGlobals) = postSolution
		SolutionGuid = {3FFA833B-4915-4C69-945B-F8652B413EC2}
	EndGlobalSection
EndGlobal
